
Microsoft Visual Studio Solution File, Format Version 12.00
# Visual Studio Version 17
VisualStudioVersion = 17.0.32002.185
MinimumVisualStudioVersion = 10.0.40219.1
Project("{FAE04EC0-301F-11D3-BF4B-00C04F79EFBC}") = "GRENAIS", "GRENAIS\GRENAIS.csproj", "{6B4A64AB-D412-4695-A9E4-C8A22876F521}"
EndProject
Global
	GlobalSection(SolutionConfigurationPlatforms) = preSolution
		Debug|Any CPU = Debug|Any CPU
		Release|Any CPU = Release|Any CPU
	EndGlobalSection
	GlobalSection(ProjectConfigurationPlatforms) = postSolution
		{6B4A64AB-D412-4695-A9E4-C8A22876F521}.Debug|Any CPU.ActiveCfg = Debug|Any CPU
		{6B4A64AB-D412-4695-A9E4-C8A22876F521}.Debug|Any CPU.Build.0 = Debug|Any CPU
		{6B4A64AB-D412-4695-A9E4-C8A22876F521}.Release|Any CPU.ActiveCfg = Release|Any CPU
		{6B4A64AB-D412-4695-A9E4-C8A22876F521}.Release|Any CPU.Build.0 = Release|Any CPU
	EndGlobalSection
	GlobalSection(SolutionProperties) = preSolution
		HideSolutionNode = FALSE
	EndGlobalSection
	GlobalSection(ExtensibilityGlobals) = postSolution
		SolutionGuid = {2ACECAED-7B98-47EB-863C-1BC489E195E3}
	EndGlobalSection
EndGlobal
